// !$*UTF8*$!
{
	archiveVersion = 1;
	classes = {
	};
	objectVersion = 50;
	objects = {

/* Begin PBXBuildFile section */
		4163823F24EA09F10059C45A /* AppDelegate.swift in Sources */ = {isa = PBXBuildFile; fileRef = 4163823E24EA09F10059C45A /* AppDelegate.swift */; };
		4163824124EA09F10059C45A /* SceneDelegate.swift in Sources */ = {isa = PBXBuildFile; fileRef = 4163824024EA09F10059C45A /* SceneDelegate.swift */; };
		4163824324EA09F10059C45A /* ContentView.swift in Sources */ = {isa = PBXBuildFile; fileRef = 4163824224EA09F10059C45A /* ContentView.swift */; };
		4163824524EA09F20059C45A /* Assets.xcassets in Resources */ = {isa = PBXBuildFile; fileRef = 4163824424EA09F20059C45A /* Assets.xcassets */; };
		4163824824EA09F20059C45A /* Preview Assets.xcassets in Resources */ = {isa = PBXBuildFile; fileRef = 4163824724EA09F20059C45A /* Preview Assets.xcassets */; };
		4163824B24EA09F20059C45A /* LaunchScreen.storyboard in Resources */ = {isa = PBXBuildFile; fileRef = 4163824924EA09F20059C45A /* LaunchScreen.storyboard */; };
		4163827C24EA17E50059C45A /* BLEController.swift in Sources */ = {isa = PBXBuildFile; fileRef = 4163827B24EA17E50059C45A /* BLEController.swift */; };
/* End PBXBuildFile section */

/* Begin PBXFileReference section */
		4163823B24EA09F10059C45A /* BackgroundBLE.app */ = {isa = PBXFileReference; explicitFileType = wrapper.application; includeInIndex = 0; path = BackgroundBLE.app; sourceTree = BUILT_PRODUCTS_DIR; };
		4163823E24EA09F10059C45A /* AppDelegate.swift */ = {isa = PBXFileReference; lastKnownFileType = sourcecode.swift; path = AppDelegate.swift; sourceTree = "<group>"; };
		4163824024EA09F10059C45A /* SceneDelegate.swift */ = {isa = PBXFileReference; lastKnownFileType = sourcecode.swift; path = SceneDelegate.swift; sourceTree = "<group>"; };
		4163824224EA09F10059C45A /* ContentView.swift */ = {isa = PBXFileReference; lastKnownFileType = sourcecode.swift; path = ContentView.swift; sourceTree = "<group>"; };
		4163824424EA09F20059C45A /* Assets.xcassets */ = {isa = PBXFileReference; lastKnownFileType = folder.assetcatalog; path = Assets.xcassets; sourceTree = "<group>"; };
		4163824724EA09F20059C45A /* Preview Assets.xcassets */ = {isa = PBXFileReference; lastKnownFileType = folder.assetcatalog; path = "Preview Assets.xcassets"; sourceTree = "<group>"; };
		4163824A24EA09F20059C45A /* Base */ = {isa = PBXFileReference; lastKnownFileType = file.storyboard; name = Base; path = Base.lproj/LaunchScreen.storyboard; sourceTree = "<group>"; };
		4163824C24EA09F20059C45A /* Info.plist */ = {isa = PBXFileReference; lastKnownFileType = text.plist.xml; path = Info.plist; sourceTree = "<group>"; };
		4163827B24EA17E50059C45A /* BLEController.swift */ = {isa = PBXFileReference; lastKnownFileType = sourcecode.swift; path = BLEController.swift; sourceTree = "<group>"; };
/* End PBXFileReference section */

/* Begin PBXFrameworksBuildPhase section */
		4163823824EA09F10059C45A /* Frameworks */ = {
			isa = PBXFrameworksBuildPhase;
			buildActionMask = 2147483647;
			files = (
			);
			runOnlyForDeploymentPostprocessing = 0;
		};
/* End PBXFrameworksBuildPhase section */

/* Begin PBXGroup section */
		4163823224EA09F10059C45A = {
			isa = PBXGroup;
			children = (
				4163823D24EA09F10059C45A /* BackgroundBLE */,
				4163823C24EA09F10059C45A /* Products */,
			);
			sourceTree = "<group>";
		};
		4163823C24EA09F10059C45A /* Products */ = {
			isa = PBXGroup;
			children = (
				4163823B24EA09F10059C45A /* BackgroundBLE.app */,
			);
			name = Products;
			sourceTree = "<group>";
		};
		4163823D24EA09F10059C45A /* BackgroundBLE */ = {
			isa = PBXGroup;
			children = (
				4163827A24EA17C60059C45A /* Models */,
				4163823E24EA09F10059C45A /* AppDelegate.swift */,
				4163824024EA09F10059C45A /* SceneDelegate.swift */,
				4163824224EA09F10059C45A /* ContentView.swift */,
				4163824424EA09F20059C45A /* Assets.xcassets */,
				4163824924EA09F20059C45A /* LaunchScreen.storyboard */,
				4163824C24EA09F20059C45A /* Info.plist */,
				4163824624EA09F20059C45A /* Preview Content */,
			);
			path = BackgroundBLE;
			sourceTree = "<group>";
		};
		4163824624EA09F20059C45A /* Preview Content */ = {
			isa = PBXGroup;
			children = (
				4163824724EA09F20059C45A /* Preview Assets.xcassets */,
			);
			path = "Preview Content";
			sourceTree = "<group>";
		};
		4163827A24EA17C60059C45A /* Models */ = {
			isa = PBXGroup;
			children = (
				4163827B24EA17E50059C45A /* BLEController.swift */,
			);
			path = Models;
			sourceTree = "<group>";
		};
/* End PBXGroup section */

/* Begin PBXNativeTarget section */
		4163823A24EA09F10059C45A /* BackgroundBLE */ = {
			isa = PBXNativeTarget;
			buildConfigurationList = 4163824F24EA09F20059C45A /* Build configuration list for PBXNativeTarget "BackgroundBLE" */;
			buildPhases = (
				4163823724EA09F10059C45A /* Sources */,
				4163823824EA09F10059C45A /* Frameworks */,
				4163823924EA09F10059C45A /* Resources */,
			);
			buildRules = (
			);
			dependencies = (
			);
			name = BackgroundBLE;
			productName = BackgroundBLE;
			productReference = 4163823B24EA09F10059C45A /* BackgroundBLE.app */;
			productType = "com.apple.product-type.application";
		};
/* End PBXNativeTarget section */

/* Begin PBXProject section */
		4163823324EA09F10059C45A /* Project object */ = {
			isa = PBXProject;
			attributes = {
				LastSwiftUpdateCheck = 1160;
				LastUpgradeCheck = 1160;
				ORGANIZATIONNAME = "Supr. Inc";
				TargetAttributes = {
					4163823A24EA09F10059C45A = {
						CreatedOnToolsVersion = 11.6;
					};
				};
			};
			buildConfigurationList = 4163823624EA09F10059C45A /* Build configuration list for PBXProject "BackgroundBLE" */;
			compatibilityVersion = "Xcode 9.3";
			developmentRegion = en;
			hasScannedForEncodings = 0;
			knownRegions = (
				en,
				Base,
			);
			mainGroup = 4163823224EA09F10059C45A;
			productRefGroup = 4163823C24EA09F10059C45A /* Products */;
			projectDirPath = "";
			projectRoot = "";
			targets = (
				4163823A24EA09F10059C45A /* BackgroundBLE */,
			);
		};
/* End PBXProject section */

/* Begin PBXResourcesBuildPhase section */
		4163823924EA09F10059C45A /* Resources */ = {
			isa = PBXResourcesBuildPhase;
			buildActionMask = 2147483647;
			files = (
				4163824B24EA09F20059C45A /* LaunchScreen.storyboard in Resources */,
				4163824824EA09F20059C45A /* Preview Assets.xcassets in Resources */,
				4163824524EA09F20059C45A /* Assets.xcassets in Resources */,
			);
			runOnlyForDeploymentPostprocessing = 0;
		};
/* End PBXResourcesBuildPhase section */

/* Begin PBXSourcesBuildPhase section */
		4163823724EA09F10059C45A /* Sources */ = {
			isa = PBXSourcesBuildPhase;
			buildActionMask = 2147483647;
			files = (
				4163823F24EA09F10059C45A /* AppDelegate.swift in Sources */,
				4163827C24EA17E50059C45A /* BLEController.swift in Sources */,
				4163824124EA09F10059C45A /* SceneDelegate.swift in Sources */,
				4163824324EA09F10059C45A /* ContentView.swift in Sources */,
			);
			runOnlyForDeploymentPostprocessing = 0;
		};
/* End PBXSourcesBuildPhase section */

/* Begin PBXVariantGroup section */
		4163824924EA09F20059C45A /* LaunchScreen.storyboard */ = {
			isa = PBXVariantGroup;
			children = (
				4163824A24EA09F20059C45A /* Base */,
			);
			name = LaunchScreen.storyboard;
			sourceTree = "<group>";
		};
/* End PBXVariantGroup section */

/* Begin XCBuildConfiguration section */
		4163824D24EA09F20059C45A /* Debug */ = {
			isa = XCBuildConfiguration;
			buildSettings = {
				ALWAYS_SEARCH_USER_PATHS = NO;
				CLANG_ANALYZER_NONNULL = YES;
				CLANG_ANALYZER_NUMBER_OBJECT_CONVERSION = YES_AGGRESSIVE;
				CLANG_CXX_LANGUAGE_STANDARD = "gnu++14";
				CLANG_CXX_LIBRARY = "libc++";
				CLANG_ENABLE_MODULES = YES;
				CLANG_ENABLE_OBJC_ARC = YES;
				CLANG_ENABLE_OBJC_WEAK = YES;
				CLANG_WARN_BLOCK_CAPTURE_AUTORELEASING = YES;
				CLANG_WARN_BOOL_CONVERSION = YES;
				CLANG_WARN_COMMA = YES;
				CLANG_WARN_CONSTANT_CONVERSION = YES;
				CLANG_WARN_DEPRECATED_OBJC_IMPLEMENTATIONS = YES;
				CLANG_WARN_DIRECT_OBJC_ISA_USAGE = YES_ERROR;
				CLANG_WARN_DOCUMENTATION_COMMENTS = YES;
				CLANG_WARN_EMPTY_BODY = YES;
				CLANG_WARN_ENUM_CONVERSION = YES;
				CLANG_WARN_INFINITE_RECURSION = YES;
				CLANG_WARN_INT_CONVERSION = YES;
				CLANG_WARN_NON_LITERAL_NULL_CONVERSION = YES;
				CLANG_WARN_OBJC_IMPLICIT_RETAIN_SELF = YES;
				CLANG_WARN_OBJC_LITERAL_CONVERSION = YES;
				CLANG_WARN_OBJC_ROOT_CLASS = YES_ERROR;
				CLANG_WARN_RANGE_LOOP_ANALYSIS = YES;
				CLANG_WARN_STRICT_PROTOTYPES = YES;
				CLANG_WARN_SUSPICIOUS_MOVE = YES;
				CLANG_WARN_UNGUARDED_AVAILABILITY = YES_AGGRESSIVE;
				CLANG_WARN_UNREACHABLE_CODE = YES;
				CLANG_WARN__DUPLICATE_METHOD_MATCH = YES;
				COPY_PHASE_STRIP = NO;
				DEBUG_INFORMATION_FORMAT = dwarf;
				ENABLE_STRICT_OBJC_MSGSEND = YES;
				ENABLE_TESTABILITY = YES;
				GCC_C_LANGUAGE_STANDARD = gnu11;
				GCC_DYNAMIC_NO_PIC = NO;
				GCC_NO_COMMON_BLOCKS = YES;
				GCC_OPTIMIZATION_LEVEL = 0;
				GCC_PREPROCESSOR_DEFINITIONS = (
					"DEBUG=1",
					"$(inherited)",
				);
				GCC_WARN_64_TO_32_BIT_CONVERSION = YES;
				GCC_WARN_ABOUT_RETURN_TYPE = YES_ERROR;
				GCC_WARN_UNDECLARED_SELECTOR = YES;
				GCC_WARN_UNINITIALIZED_AUTOS = YES_AGGRESSIVE;
				GCC_WARN_UNUSED_FUNCTION = YES;
				GCC_WARN_UNUSED_VARIABLE = YES;
				IPHONEOS_DEPLOYMENT_TARGET = 13.6;
				MTL_ENABLE_DEBUG_INFO = INCLUDE_SOURCE;
				MTL_FAST_MATH = YES;
				ONLY_ACTIVE_ARCH = YES;
				SDKROOT = iphoneos;
				SWIFT_ACTIVE_COMPILATION_CONDITIONS = DEBUG;
				SWIFT_OPTIMIZATION_LEVEL = "-Onone";
			};
			name = Debug;
		};
		4163824E24EA09F20059C45A /* Release */ = {
			isa = XCBuildConfiguration;
			buildSettings = {
				ALWAYS_SEARCH_USER_PATHS = NO;
				CLANG_ANALYZER_NONNULL = YES;
				CLANG_ANALYZER_NUMBER_OBJECT_CONVERSION = YES_AGGRESSIVE;
				CLANG_CXX_LANGUAGE_STANDARD = "gnu++14";
				CLANG_CXX_LIBRARY = "libc++";
				CLANG_ENABLE_MODULES = YES;
				CLANG_ENABLE_OBJC_ARC = YES;
				CLANG_ENABLE_OBJC_WEAK = YES;
				CLANG_WARN_BLOCK_CAPTURE_AUTORELEASING = YES;
				CLANG_WARN_BOOL_CONVERSION = YES;
				CLANG_WARN_COMMA = YES;
				CLANG_WARN_CONSTANT_CONVERSION = YES;
				CLANG_WARN_DEPRECATED_OBJC_IMPLEMENTATIONS = YES;
				CLANG_WARN_DIRECT_OBJC_ISA_USAGE = YES_ERROR;
				CLANG_WARN_DOCUMENTATION_COMMENTS = YES;
				CLANG_WARN_EMPTY_BODY = YES;
				CLANG_WARN_ENUM_CONVERSION = YES;
				CLANG_WARN_INFINITE_RECURSION = YES;
				CLANG_WARN_INT_CONVERSION = YES;
				CLANG_WARN_NON_LITERAL_NULL_CONVERSION = YES;
				CLANG_WARN_OBJC_IMPLICIT_RETAIN_SELF = YES;
				CLANG_WARN_OBJC_LITERAL_CONVERSION = YES;
				CLANG_WARN_OBJC_ROOT_CLASS = YES_ERROR;
				CLANG_WARN_RANGE_LOOP_ANALYSIS = YES;
				CLANG_WARN_STRICT_PROTOTYPES = YES;
				CLANG_WARN_SUSPICIOUS_MOVE = YES;
				CLANG_WARN_UNGUARDED_AVAILABILITY = YES_AGGRESSIVE;
				CLANG_WARN_UNREACHABLE_CODE = YES;
				CLANG_WARN__DUPLICATE_METHOD_MATCH = YES;
				COPY_PHASE_STRIP = NO;
				DEBUG_INFORMATION_FORMAT = "dwarf-with-dsym";
				ENABLE_NS_ASSERTIONS = NO;
				ENABLE_STRICT_OBJC_MSGSEND = YES;
				GCC_C_LANGUAGE_STANDARD = gnu11;
				GCC_NO_COMMON_BLOCKS = YES;
				GCC_WARN_64_TO_32_BIT_CONVERSION = YES;
				GCC_WARN_ABOUT_RETURN_TYPE = YES_ERROR;
				GCC_WARN_UNDECLARED_SELECTOR = YES;
				GCC_WARN_UNINITIALIZED_AUTOS = YES_AGGRESSIVE;
				GCC_WARN_UNUSED_FUNCTION = YES;
				GCC_WARN_UNUSED_VARIABLE = YES;
				IPHONEOS_DEPLOYMENT_TARGET = 13.6;
				MTL_ENABLE_DEBUG_INFO = NO;
				MTL_FAST_MATH = YES;
				SDKROOT = iphoneos;
				SWIFT_COMPILATION_MODE = wholemodule;
				SWIFT_OPTIMIZATION_LEVEL = "-O";
				VALIDATE_PRODUCT = YES;
			};
			name = Release;
		};
		4163825024EA09F20059C45A /* Debug */ = {
			isa = XCBuildConfiguration;
			buildSettings = {
				ASSETCATALOG_COMPILER_APPICON_NAME = AppIcon;
				CODE_SIGN_STYLE = Automatic;
				DEVELOPMENT_ASSET_PATHS = "\"BackgroundBLE/Preview Content\"";
				DEVELOPMENT_TEAM = XC3YB25FSW;
				ENABLE_PREVIEWS = YES;
				INFOPLIST_FILE = BackgroundBLE/Info.plist;
				LD_RUNPATH_SEARCH_PATHS = (
					"$(inherited)",
					"@executable_path/Frameworks",
				);
				PRODUCT_BUNDLE_IDENTIFIER = sinc.BackgroundBLE;
				PRODUCT_NAME = "$(TARGET_NAME)";
				SWIFT_VERSION = 5.0;
				TARGETED_DEVICE_FAMILY = "1,2";
			};
			name = Debug;
		};
		4163825124EA09F20059C45A /* Release */ = {
			isa = XCBuildConfiguration;
			buildSettings = {
				ASSETCATALOG_COMPILER_APPICON_NAME = AppIcon;
				CODE_SIGN_STYLE = Automatic;
				DEVELOPMENT_ASSET_PATHS = "\"BackgroundBLE/Preview Content\"";
				DEVELOPMENT_TEAM = XC3YB25FSW;
				ENABLE_PREVIEWS = YES;
				INFOPLIST_FILE = BackgroundBLE/Info.plist;
				LD_RUNPATH_SEARCH_PATHS = (
					"$(inherited)",
					"@executable_path/Frameworks",
				);
				PRODUCT_BUNDLE_IDENTIFIER = sinc.BackgroundBLE;
				PRODUCT_NAME = "$(TARGET_NAME)";
				SWIFT_VERSION = 5.0;
				TARGETED_DEVICE_FAMILY = "1,2";
			};
			name = Release;
		};
/* End XCBuildConfiguration section */

/* Begin XCConfigurationList section */
		4163823624EA09F10059C45A /* Build configuration list for PBXProject "BackgroundBLE" */ = {
			isa = XCConfigurationList;
			buildConfigurations = (
				4163824D24EA09F20059C45A /* Debug */,
				4163824E24EA09F20059C45A /* Release */,
			);
			defaultConfigurationIsVisible = 0;
			defaultConfigurationName = Release;
		};
		4163824F24EA09F20059C45A /* Build configuration list for PBXNativeTarget "BackgroundBLE" */ = {
			isa = XCConfigurationList;
			buildConfigurations = (
				4163825024EA09F20059C45A /* Debug */,
				4163825124EA09F20059C45A /* Release */,
			);
			defaultConfigurationIsVisible = 0;
			defaultConfigurationName = Release;
		};
/* End XCConfigurationList section */
	};
	rootObject = 4163823324EA09F10059C45A /* Project object */;
}
